
Microsoft Visual Studio Solution File, Format Version 12.00
# Visual Studio Version 17
VisualStudioVersion = 17.5.33424.131
MinimumVisualStudioVersion = 10.0.40219.1
Project("{FAE04EC0-301F-11D3-BF4B-00C04F79EFBC}") = "P01_SortEvenNumbers", "P01_SortEvenNumbers\P01_SortEvenNumbers.csproj", "{FC3663B7-D558-4922-909D-FD3814C080D5}"
EndProject
Project("{FAE04EC0-301F-11D3-BF4B-00C04F79EFBC}") = "P02_SumNums", "P02_SumNums\P02_SumNums.csproj", "{A1C8CF33-F396-45B0-8A48-9E63AD89FA2D}"
EndProject
Project("{FAE04EC0-301F-11D3-BF4B-00C04F79EFBC}") = "P03_CountUppercaseWords", "P03_CountUppercaseWords\P03_CountUppercaseWords.csproj", "{9256EFBF-5AEC-4659-ABF5-2545926C0730}"
EndProject
Project("{FAE04EC0-301F-11D3-BF4B-00C04F79EFBC}") = "P04_AddVat", "P04_AddVat\P04_AddVat.csproj", "{128A652D-1F24-488C-8277-CEF2628C07B0}"
EndProject
Project("{FAE04EC0-301F-11D3-BF4B-00C04F79EFBC}") = "P05_FilterByAge", "P05_FilterByAge\P05_FilterByAge.csproj", "{9C9D2D18-5B2A-4BE2-9DF1-C8E6ECCB09FA}"
EndProject
Global
	GlobalSection(SolutionConfigurationPlatforms) = preSolution
		Debug|Any CPU = Debug|Any CPU
		Release|Any CPU = Release|Any CPU
	EndGlobalSection
	GlobalSection(ProjectConfigurationPlatforms) = postSolution
		{FC3663B7-D558-4922-909D-FD3814C080D5}.Debug|Any CPU.ActiveCfg = Debug|Any CPU
		{FC3663B7-D558-4922-909D-FD3814C080D5}.Debug|Any CPU.Build.0 = Debug|Any CPU
		{FC3663B7-D558-4922-909D-FD3814C080D5}.Release|Any CPU.ActiveCfg = Release|Any CPU
		{FC3663B7-D558-4922-909D-FD3814C080D5}.Release|Any CPU.Build.0 = Release|Any CPU
		{A1C8CF33-F396-45B0-8A48-9E63AD89FA2D}.Debug|Any CPU.ActiveCfg = Debug|Any CPU
		{A1C8CF33-F396-45B0-8A48-9E63AD89FA2D}.Debug|Any CPU.Build.0 = Debug|Any CPU
		{A1C8CF33-F396-45B0-8A48-9E63AD89FA2D}.Release|Any CPU.ActiveCfg = Release|Any CPU
		{A1C8CF33-F396-45B0-8A48-9E63AD89FA2D}.Release|Any CPU.Build.0 = Release|Any CPU
		{9256EFBF-5AEC-4659-ABF5-2545926C0730}.Debug|Any CPU.ActiveCfg = Debug|Any CPU
		{9256EFBF-5AEC-4659-ABF5-2545926C0730}.Debug|Any CPU.Build.0 = Debug|Any CPU
		{9256EFBF-5AEC-4659-ABF5-2545926C0730}.Release|Any CPU.ActiveCfg = Release|Any CPU
		{9256EFBF-5AEC-4659-ABF5-2545926C0730}.Release|Any CPU.Build.0 = Release|Any CPU
		{128A652D-1F24-488C-8277-CEF2628C07B0}.Debug|Any CPU.ActiveCfg = Debug|Any CPU
		{128A652D-1F24-488C-8277-CEF2628C07B0}.Debug|Any CPU.Build.0 = Debug|Any CPU
		{128A652D-1F24-488C-8277-CEF2628C07B0}.Release|Any CPU.ActiveCfg = Release|Any CPU
		{128A652D-1F24-488C-8277-CEF2628C07B0}.Release|Any CPU.Build.0 = Release|Any CPU
		{9C9D2D18-5B2A-4BE2-9DF1-C8E6ECCB09FA}.Debug|Any CPU.ActiveCfg = Debug|Any CPU
		{9C9D2D18-5B2A-4BE2-9DF1-C8E6ECCB09FA}.Debug|Any CPU.Build.0 = Debug|Any CPU
		{9C9D2D18-5B2A-4BE2-9DF1-C8E6ECCB09FA}.Release|Any CPU.ActiveCfg = Release|Any CPU
		{9C9D2D18-5B2A-4BE2-9DF1-C8E6ECCB09FA}.Release|Any CPU.Build.0 = Release|Any CPU
	EndGlobalSection
	GlobalSection(SolutionProperties) = preSolution
		HideSolutionNode = FALSE
	EndGlobalSection
	GlobalSection(ExtensibilityGlobals) = postSolution
		SolutionGuid = {4930DF02-FB60-4BC6-A41B-73F480F09710}
	EndGlobalSection
EndGlobal
