
Microsoft Visual Studio Solution File, Format Version 12.00
# Visual Studio Version 17
VisualStudioVersion = 17.5.33424.131
MinimumVisualStudioVersion = 10.0.40219.1
Project("{FAE04EC0-301F-11D3-BF4B-00C04F79EFBC}") = "ImplementingLinkedList", "ImplementingLinkedList\ImplementingLinkedList.csproj", "{27FF4476-2E03-496B-A87F-B27CA1F101F1}"
EndProject
Global
	GlobalSection(SolutionConfigurationPlatforms) = preSolution
		Debug|Any CPU = Debug|Any CPU
		Release|Any CPU = Release|Any CPU
	EndGlobalSection
	GlobalSection(ProjectConfigurationPlatforms) = postSolution
		{27FF4476-2E03-496B-A87F-B27CA1F101F1}.Debug|Any CPU.ActiveCfg = Debug|Any CPU
		{27FF4476-2E03-496B-A87F-B27CA1F101F1}.Debug|Any CPU.Build.0 = Debug|Any CPU
		{27FF4476-2E03-496B-A87F-B27CA1F101F1}.Release|Any CPU.ActiveCfg = Release|Any CPU
		{27FF4476-2E03-496B-A87F-B27CA1F101F1}.Release|Any CPU.Build.0 = Release|Any CPU
	EndGlobalSection
	GlobalSection(SolutionProperties) = preSolution
		HideSolutionNode = FALSE
	EndGlobalSection
	GlobalSection(ExtensibilityGlobals) = postSolution
		SolutionGuid = {EDB99663-9854-4837-A42D-9ECBC1770311}
	EndGlobalSection
EndGlobal
