
Microsoft Visual Studio Solution File, Format Version 12.00
# Visual Studio Version 17
VisualStudioVersion = 17.5.33424.131
MinimumVisualStudioVersion = 10.0.40219.1
Project("{9A19103F-16F7-4668-BE54-9A1E7A4F7556}") = "P01_ReverseString", "P01_ReverseString\P01_ReverseString.csproj", "{5E392436-C109-4BC9-BFC3-84AD32FFE34D}"
EndProject
Project("{FAE04EC0-301F-11D3-BF4B-00C04F79EFBC}") = "P02_RepeatStrings", "P02_RepeatStrings\P02_RepeatStrings.csproj", "{4BE9C3FD-3E47-4AA6-A030-907F4E11E906}"
EndProject
Project("{FAE04EC0-301F-11D3-BF4B-00C04F79EFBC}") = "P03_Substring", "P03_Substring\P03_Substring.csproj", "{AB1230D5-18F8-488E-868E-28EEEAB8EA24}"
EndProject
Project("{FAE04EC0-301F-11D3-BF4B-00C04F79EFBC}") = "P04_TextFilter", "P04_TextFilter\P04_TextFilter.csproj", "{FDE0CD3C-37BC-421A-865E-2CCB079873DE}"
EndProject
Project("{FAE04EC0-301F-11D3-BF4B-00C04F79EFBC}") = "P05_Digits,Letters,Others", "P05_Digits,Letters,Others\P05_Digits,Letters,Others.csproj", "{38BAAD0A-040B-4FD0-A99B-7886D15AF947}"
EndProject
Global
	GlobalSection(SolutionConfigurationPlatforms) = preSolution
		Debug|Any CPU = Debug|Any CPU
		Release|Any CPU = Release|Any CPU
	EndGlobalSection
	GlobalSection(ProjectConfigurationPlatforms) = postSolution
		{5E392436-C109-4BC9-BFC3-84AD32FFE34D}.Debug|Any CPU.ActiveCfg = Debug|Any CPU
		{5E392436-C109-4BC9-BFC3-84AD32FFE34D}.Debug|Any CPU.Build.0 = Debug|Any CPU
		{5E392436-C109-4BC9-BFC3-84AD32FFE34D}.Release|Any CPU.ActiveCfg = Release|Any CPU
		{5E392436-C109-4BC9-BFC3-84AD32FFE34D}.Release|Any CPU.Build.0 = Release|Any CPU
		{4BE9C3FD-3E47-4AA6-A030-907F4E11E906}.Debug|Any CPU.ActiveCfg = Debug|Any CPU
		{4BE9C3FD-3E47-4AA6-A030-907F4E11E906}.Debug|Any CPU.Build.0 = Debug|Any CPU
		{4BE9C3FD-3E47-4AA6-A030-907F4E11E906}.Release|Any CPU.ActiveCfg = Release|Any CPU
		{4BE9C3FD-3E47-4AA6-A030-907F4E11E906}.Release|Any CPU.Build.0 = Release|Any CPU
		{AB1230D5-18F8-488E-868E-28EEEAB8EA24}.Debug|Any CPU.ActiveCfg = Debug|Any CPU
		{AB1230D5-18F8-488E-868E-28EEEAB8EA24}.Debug|Any CPU.Build.0 = Debug|Any CPU
		{AB1230D5-18F8-488E-868E-28EEEAB8EA24}.Release|Any CPU.ActiveCfg = Release|Any CPU
		{AB1230D5-18F8-488E-868E-28EEEAB8EA24}.Release|Any CPU.Build.0 = Release|Any CPU
		{FDE0CD3C-37BC-421A-865E-2CCB079873DE}.Debug|Any CPU.ActiveCfg = Debug|Any CPU
		{FDE0CD3C-37BC-421A-865E-2CCB079873DE}.Debug|Any CPU.Build.0 = Debug|Any CPU
		{FDE0CD3C-37BC-421A-865E-2CCB079873DE}.Release|Any CPU.ActiveCfg = Release|Any CPU
		{FDE0CD3C-37BC-421A-865E-2CCB079873DE}.Release|Any CPU.Build.0 = Release|Any CPU
		{38BAAD0A-040B-4FD0-A99B-7886D15AF947}.Debug|Any CPU.ActiveCfg = Debug|Any CPU
		{38BAAD0A-040B-4FD0-A99B-7886D15AF947}.Debug|Any CPU.Build.0 = Debug|Any CPU
		{38BAAD0A-040B-4FD0-A99B-7886D15AF947}.Release|Any CPU.ActiveCfg = Release|Any CPU
		{38BAAD0A-040B-4FD0-A99B-7886D15AF947}.Release|Any CPU.Build.0 = Release|Any CPU
	EndGlobalSection
	GlobalSection(SolutionProperties) = preSolution
		HideSolutionNode = FALSE
	EndGlobalSection
	GlobalSection(ExtensibilityGlobals) = postSolution
		SolutionGuid = {A93D735C-7F9E-4096-8363-3E54734671B4}
	EndGlobalSection
EndGlobal
