
Microsoft Visual Studio Solution File, Format Version 12.00
# Visual Studio Version 17
VisualStudioVersion = 17.5.33424.131
MinimumVisualStudioVersion = 10.0.40219.1
Project("{9A19103F-16F7-4668-BE54-9A1E7A4F7556}") = "P01_Vehicle", "P01_Vehicle\P01_Vehicle.csproj", "{E857897C-1D3D-4254-82B6-906643304947}"
EndProject
Project("{9A19103F-16F7-4668-BE54-9A1E7A4F7556}") = "P03_Raiding", "P03_Raiding\P03_Raiding.csproj", "{0766E7BE-C75E-41F0-8883-24E9C614564E}"
EndProject
Project("{FAE04EC0-301F-11D3-BF4B-00C04F79EFBC}") = "P04_WildFarm", "P04_WildFarm\P04_WildFarm.csproj", "{16747146-4495-4A97-9FF2-DF2078FBF660}"
EndProject
Global
	GlobalSection(SolutionConfigurationPlatforms) = preSolution
		Debug|Any CPU = Debug|Any CPU
		Release|Any CPU = Release|Any CPU
	EndGlobalSection
	GlobalSection(ProjectConfigurationPlatforms) = postSolution
		{E857897C-1D3D-4254-82B6-906643304947}.Debug|Any CPU.ActiveCfg = Debug|Any CPU
		{E857897C-1D3D-4254-82B6-906643304947}.Debug|Any CPU.Build.0 = Debug|Any CPU
		{E857897C-1D3D-4254-82B6-906643304947}.Release|Any CPU.ActiveCfg = Release|Any CPU
		{E857897C-1D3D-4254-82B6-906643304947}.Release|Any CPU.Build.0 = Release|Any CPU
		{0766E7BE-C75E-41F0-8883-24E9C614564E}.Debug|Any CPU.ActiveCfg = Debug|Any CPU
		{0766E7BE-C75E-41F0-8883-24E9C614564E}.Debug|Any CPU.Build.0 = Debug|Any CPU
		{0766E7BE-C75E-41F0-8883-24E9C614564E}.Release|Any CPU.ActiveCfg = Release|Any CPU
		{0766E7BE-C75E-41F0-8883-24E9C614564E}.Release|Any CPU.Build.0 = Release|Any CPU
		{16747146-4495-4A97-9FF2-DF2078FBF660}.Debug|Any CPU.ActiveCfg = Debug|Any CPU
		{16747146-4495-4A97-9FF2-DF2078FBF660}.Debug|Any CPU.Build.0 = Debug|Any CPU
		{16747146-4495-4A97-9FF2-DF2078FBF660}.Release|Any CPU.ActiveCfg = Release|Any CPU
		{16747146-4495-4A97-9FF2-DF2078FBF660}.Release|Any CPU.Build.0 = Release|Any CPU
	EndGlobalSection
	GlobalSection(SolutionProperties) = preSolution
		HideSolutionNode = FALSE
	EndGlobalSection
	GlobalSection(ExtensibilityGlobals) = postSolution
		SolutionGuid = {0F77035B-EDF1-401A-8848-67C6A02E0D7E}
	EndGlobalSection
EndGlobal
