
Microsoft Visual Studio Solution File, Format Version 12.00
# Visual Studio Version 17
VisualStudioVersion = 17.5.33424.131
MinimumVisualStudioVersion = 10.0.40219.1
Project("{9A19103F-16F7-4668-BE54-9A1E7A4F7556}") = "P01_MatchFullName", "P01_MatchFullName\P01_MatchFullName.csproj", "{D4D38FD4-C9B3-450B-9F5A-76FA7EED3B78}"
EndProject
Project("{FAE04EC0-301F-11D3-BF4B-00C04F79EFBC}") = "P02_MatchPhoneNumber", "P02_MatchPhoneNumber\P02_MatchPhoneNumber.csproj", "{20CF176B-826E-4E6A-9D4F-0654B52D115E}"
EndProject
Project("{FAE04EC0-301F-11D3-BF4B-00C04F79EFBC}") = "P03_MatchDates", "P03_MatchDates\P03_MatchDates.csproj", "{88977B57-0B59-42DE-B05B-3DD323022775}"
EndProject
Global
	GlobalSection(SolutionConfigurationPlatforms) = preSolution
		Debug|Any CPU = Debug|Any CPU
		Release|Any CPU = Release|Any CPU
	EndGlobalSection
	GlobalSection(ProjectConfigurationPlatforms) = postSolution
		{D4D38FD4-C9B3-450B-9F5A-76FA7EED3B78}.Debug|Any CPU.ActiveCfg = Debug|Any CPU
		{D4D38FD4-C9B3-450B-9F5A-76FA7EED3B78}.Debug|Any CPU.Build.0 = Debug|Any CPU
		{D4D38FD4-C9B3-450B-9F5A-76FA7EED3B78}.Release|Any CPU.ActiveCfg = Release|Any CPU
		{D4D38FD4-C9B3-450B-9F5A-76FA7EED3B78}.Release|Any CPU.Build.0 = Release|Any CPU
		{20CF176B-826E-4E6A-9D4F-0654B52D115E}.Debug|Any CPU.ActiveCfg = Debug|Any CPU
		{20CF176B-826E-4E6A-9D4F-0654B52D115E}.Debug|Any CPU.Build.0 = Debug|Any CPU
		{20CF176B-826E-4E6A-9D4F-0654B52D115E}.Release|Any CPU.ActiveCfg = Release|Any CPU
		{20CF176B-826E-4E6A-9D4F-0654B52D115E}.Release|Any CPU.Build.0 = Release|Any CPU
		{88977B57-0B59-42DE-B05B-3DD323022775}.Debug|Any CPU.ActiveCfg = Debug|Any CPU
		{88977B57-0B59-42DE-B05B-3DD323022775}.Debug|Any CPU.Build.0 = Debug|Any CPU
		{88977B57-0B59-42DE-B05B-3DD323022775}.Release|Any CPU.ActiveCfg = Release|Any CPU
		{88977B57-0B59-42DE-B05B-3DD323022775}.Release|Any CPU.Build.0 = Release|Any CPU
	EndGlobalSection
	GlobalSection(SolutionProperties) = preSolution
		HideSolutionNode = FALSE
	EndGlobalSection
	GlobalSection(ExtensibilityGlobals) = postSolution
		SolutionGuid = {562D53D6-E779-430E-9167-8EA2B71EFB3E}
	EndGlobalSection
EndGlobal
