
Microsoft Visual Studio Solution File, Format Version 12.00
# Visual Studio Version 17
VisualStudioVersion = 17.5.33424.131
MinimumVisualStudioVersion = 10.0.40219.1
Project("{FAE04EC0-301F-11D3-BF4B-00C04F79EFBC}") = "Log4U.Run", "Logger.Run\Log4U.Run.csproj", "{D6E20A42-9607-4A47-9514-8175D543DFD3}"
EndProject
Project("{FAE04EC0-301F-11D3-BF4B-00C04F79EFBC}") = "Log4U.Core", "Logger.Core\Log4U.Core.csproj", "{A223A1BB-64DD-4E7A-BF93-8A48C3C11074}"
EndProject
Global
	GlobalSection(SolutionConfigurationPlatforms) = preSolution
		Debug|Any CPU = Debug|Any CPU
		Release|Any CPU = Release|Any CPU
	EndGlobalSection
	GlobalSection(ProjectConfigurationPlatforms) = postSolution
		{D6E20A42-9607-4A47-9514-8175D543DFD3}.Debug|Any CPU.ActiveCfg = Debug|Any CPU
		{D6E20A42-9607-4A47-9514-8175D543DFD3}.Debug|Any CPU.Build.0 = Debug|Any CPU
		{D6E20A42-9607-4A47-9514-8175D543DFD3}.Release|Any CPU.ActiveCfg = Release|Any CPU
		{D6E20A42-9607-4A47-9514-8175D543DFD3}.Release|Any CPU.Build.0 = Release|Any CPU
		{A223A1BB-64DD-4E7A-BF93-8A48C3C11074}.Debug|Any CPU.ActiveCfg = Debug|Any CPU
		{A223A1BB-64DD-4E7A-BF93-8A48C3C11074}.Debug|Any CPU.Build.0 = Debug|Any CPU
		{A223A1BB-64DD-4E7A-BF93-8A48C3C11074}.Release|Any CPU.ActiveCfg = Release|Any CPU
		{A223A1BB-64DD-4E7A-BF93-8A48C3C11074}.Release|Any CPU.Build.0 = Release|Any CPU
	EndGlobalSection
	GlobalSection(SolutionProperties) = preSolution
		HideSolutionNode = FALSE
	EndGlobalSection
	GlobalSection(ExtensibilityGlobals) = postSolution
		SolutionGuid = {9D616C43-1702-415A-9DF5-B66B2F80624C}
	EndGlobalSection
EndGlobal
