
Microsoft Visual Studio Solution File, Format Version 12.00
# Visual Studio Version 17
VisualStudioVersion = 17.5.33424.131
MinimumVisualStudioVersion = 10.0.40219.1
Project("{9A19103F-16F7-4668-BE54-9A1E7A4F7556}") = "P01_SignOfInts", "P01_SignOfInts\P01_SignOfInts.csproj", "{6B22D900-063F-4E41-BD67-C8B80C1FF204}"
EndProject
Project("{9A19103F-16F7-4668-BE54-9A1E7A4F7556}") = "P02_Grades", "P02_Grades\P02_Grades.csproj", "{3CB77418-F137-4E96-8002-A8ABB3428F02}"
EndProject
Project("{9A19103F-16F7-4668-BE54-9A1E7A4F7556}") = "P03_Calculations", "P03_Calculations\P03_Calculations.csproj", "{990D109B-D35F-4C88-B46E-548B7B96E901}"
EndProject
Project("{9A19103F-16F7-4668-BE54-9A1E7A4F7556}") = "P04_PrintingTriangle", "P04_PrintingTriangle\P04_PrintingTriangle.csproj", "{B4121E00-33BD-4FEA-B38B-A4115CC18CB7}"
EndProject
Project("{9A19103F-16F7-4668-BE54-9A1E7A4F7556}") = "P05_Orders", "P05_Orders\P05_Orders.csproj", "{2AA61886-4AA2-4F64-B56C-7AA51FF8BDA5}"
EndProject
Project("{9A19103F-16F7-4668-BE54-9A1E7A4F7556}") = "P06_CalcRectangleArea", "P06_CalcRectangleArea\P06_CalcRectangleArea.csproj", "{94D956A8-5ADD-4D3B-842F-3C97D67720E7}"
EndProject
Project("{9A19103F-16F7-4668-BE54-9A1E7A4F7556}") = "P07_RepeatString", "P07_RepeatString\P07_RepeatString.csproj", "{C4F9F8EE-BB21-416B-9566-222A8A57B366}"
EndProject
Project("{9A19103F-16F7-4668-BE54-9A1E7A4F7556}") = "P08_MathPow", "P08_MathPow\P08_MathPow.csproj", "{D0E28FD8-A675-4C3B-BF4C-41CEEAC9ECC7}"
EndProject
Project("{9A19103F-16F7-4668-BE54-9A1E7A4F7556}") = "P09_GreaterOf2Values", "P09_GreaterOf2Values\P09_GreaterOf2Values.csproj", "{9634F60F-8094-4959-B375-898F6278FC38}"
EndProject
Project("{9A19103F-16F7-4668-BE54-9A1E7A4F7556}") = "P09_GetMax_", "P09_GetMax_\P09_GetMax_.csproj", "{D2057A94-5323-4638-AF64-F35114D80E65}"
EndProject
Project("{9A19103F-16F7-4668-BE54-9A1E7A4F7556}") = "P10_MultiplyEvensByOdds", "P10_MultiplyEvensByOdds\P10_MultiplyEvensByOdds.csproj", "{3B8E6CA7-4F62-4483-88D9-1BD0DE83109A}"
EndProject
Project("{FAE04EC0-301F-11D3-BF4B-00C04F79EFBC}") = "P11_MathOperations", "P11_MathOperations\P11_MathOperations.csproj", "{03CDC59C-A97B-4675-8158-3DAEF829D3B8}"
EndProject
Global
	GlobalSection(SolutionConfigurationPlatforms) = preSolution
		Debug|Any CPU = Debug|Any CPU
		Release|Any CPU = Release|Any CPU
	EndGlobalSection
	GlobalSection(ProjectConfigurationPlatforms) = postSolution
		{6B22D900-063F-4E41-BD67-C8B80C1FF204}.Debug|Any CPU.ActiveCfg = Debug|Any CPU
		{6B22D900-063F-4E41-BD67-C8B80C1FF204}.Debug|Any CPU.Build.0 = Debug|Any CPU
		{6B22D900-063F-4E41-BD67-C8B80C1FF204}.Release|Any CPU.ActiveCfg = Release|Any CPU
		{6B22D900-063F-4E41-BD67-C8B80C1FF204}.Release|Any CPU.Build.0 = Release|Any CPU
		{3CB77418-F137-4E96-8002-A8ABB3428F02}.Debug|Any CPU.ActiveCfg = Debug|Any CPU
		{3CB77418-F137-4E96-8002-A8ABB3428F02}.Debug|Any CPU.Build.0 = Debug|Any CPU
		{3CB77418-F137-4E96-8002-A8ABB3428F02}.Release|Any CPU.ActiveCfg = Release|Any CPU
		{3CB77418-F137-4E96-8002-A8ABB3428F02}.Release|Any CPU.Build.0 = Release|Any CPU
		{990D109B-D35F-4C88-B46E-548B7B96E901}.Debug|Any CPU.ActiveCfg = Debug|Any CPU
		{990D109B-D35F-4C88-B46E-548B7B96E901}.Debug|Any CPU.Build.0 = Debug|Any CPU
		{990D109B-D35F-4C88-B46E-548B7B96E901}.Release|Any CPU.ActiveCfg = Release|Any CPU
		{990D109B-D35F-4C88-B46E-548B7B96E901}.Release|Any CPU.Build.0 = Release|Any CPU
		{B4121E00-33BD-4FEA-B38B-A4115CC18CB7}.Debug|Any CPU.ActiveCfg = Debug|Any CPU
		{B4121E00-33BD-4FEA-B38B-A4115CC18CB7}.Debug|Any CPU.Build.0 = Debug|Any CPU
		{B4121E00-33BD-4FEA-B38B-A4115CC18CB7}.Release|Any CPU.ActiveCfg = Release|Any CPU
		{B4121E00-33BD-4FEA-B38B-A4115CC18CB7}.Release|Any CPU.Build.0 = Release|Any CPU
		{2AA61886-4AA2-4F64-B56C-7AA51FF8BDA5}.Debug|Any CPU.ActiveCfg = Debug|Any CPU
		{2AA61886-4AA2-4F64-B56C-7AA51FF8BDA5}.Debug|Any CPU.Build.0 = Debug|Any CPU
		{2AA61886-4AA2-4F64-B56C-7AA51FF8BDA5}.Release|Any CPU.ActiveCfg = Release|Any CPU
		{2AA61886-4AA2-4F64-B56C-7AA51FF8BDA5}.Release|Any CPU.Build.0 = Release|Any CPU
		{94D956A8-5ADD-4D3B-842F-3C97D67720E7}.Debug|Any CPU.ActiveCfg = Debug|Any CPU
		{94D956A8-5ADD-4D3B-842F-3C97D67720E7}.Debug|Any CPU.Build.0 = Debug|Any CPU
		{94D956A8-5ADD-4D3B-842F-3C97D67720E7}.Release|Any CPU.ActiveCfg = Release|Any CPU
		{94D956A8-5ADD-4D3B-842F-3C97D67720E7}.Release|Any CPU.Build.0 = Release|Any CPU
		{C4F9F8EE-BB21-416B-9566-222A8A57B366}.Debug|Any CPU.ActiveCfg = Debug|Any CPU
		{C4F9F8EE-BB21-416B-9566-222A8A57B366}.Debug|Any CPU.Build.0 = Debug|Any CPU
		{C4F9F8EE-BB21-416B-9566-222A8A57B366}.Release|Any CPU.ActiveCfg = Release|Any CPU
		{C4F9F8EE-BB21-416B-9566-222A8A57B366}.Release|Any CPU.Build.0 = Release|Any CPU
		{D0E28FD8-A675-4C3B-BF4C-41CEEAC9ECC7}.Debug|Any CPU.ActiveCfg = Debug|Any CPU
		{D0E28FD8-A675-4C3B-BF4C-41CEEAC9ECC7}.Debug|Any CPU.Build.0 = Debug|Any CPU
		{D0E28FD8-A675-4C3B-BF4C-41CEEAC9ECC7}.Release|Any CPU.ActiveCfg = Release|Any CPU
		{D0E28FD8-A675-4C3B-BF4C-41CEEAC9ECC7}.Release|Any CPU.Build.0 = Release|Any CPU
		{9634F60F-8094-4959-B375-898F6278FC38}.Debug|Any CPU.ActiveCfg = Debug|Any CPU
		{9634F60F-8094-4959-B375-898F6278FC38}.Debug|Any CPU.Build.0 = Debug|Any CPU
		{9634F60F-8094-4959-B375-898F6278FC38}.Release|Any CPU.ActiveCfg = Release|Any CPU
		{9634F60F-8094-4959-B375-898F6278FC38}.Release|Any CPU.Build.0 = Release|Any CPU
		{D2057A94-5323-4638-AF64-F35114D80E65}.Debug|Any CPU.ActiveCfg = Debug|Any CPU
		{D2057A94-5323-4638-AF64-F35114D80E65}.Debug|Any CPU.Build.0 = Debug|Any CPU
		{D2057A94-5323-4638-AF64-F35114D80E65}.Release|Any CPU.ActiveCfg = Release|Any CPU
		{D2057A94-5323-4638-AF64-F35114D80E65}.Release|Any CPU.Build.0 = Release|Any CPU
		{3B8E6CA7-4F62-4483-88D9-1BD0DE83109A}.Debug|Any CPU.ActiveCfg = Debug|Any CPU
		{3B8E6CA7-4F62-4483-88D9-1BD0DE83109A}.Debug|Any CPU.Build.0 = Debug|Any CPU
		{3B8E6CA7-4F62-4483-88D9-1BD0DE83109A}.Release|Any CPU.ActiveCfg = Release|Any CPU
		{3B8E6CA7-4F62-4483-88D9-1BD0DE83109A}.Release|Any CPU.Build.0 = Release|Any CPU
		{03CDC59C-A97B-4675-8158-3DAEF829D3B8}.Debug|Any CPU.ActiveCfg = Debug|Any CPU
		{03CDC59C-A97B-4675-8158-3DAEF829D3B8}.Debug|Any CPU.Build.0 = Debug|Any CPU
		{03CDC59C-A97B-4675-8158-3DAEF829D3B8}.Release|Any CPU.ActiveCfg = Release|Any CPU
		{03CDC59C-A97B-4675-8158-3DAEF829D3B8}.Release|Any CPU.Build.0 = Release|Any CPU
	EndGlobalSection
	GlobalSection(SolutionProperties) = preSolution
		HideSolutionNode = FALSE
	EndGlobalSection
	GlobalSection(ExtensibilityGlobals) = postSolution
		SolutionGuid = {F7B21CFB-F33F-47C5-90FC-B998CE4D7963}
	EndGlobalSection
EndGlobal
