
Microsoft Visual Studio Solution File, Format Version 12.00
# Visual Studio Version 17
VisualStudioVersion = 17.5.33424.131
MinimumVisualStudioVersion = 10.0.40219.1
Project("{FAE04EC0-301F-11D3-BF4B-00C04F79EFBC}") = "P01_ReverseAString", "P01_ReverseAString\P01_ReverseAString.csproj", "{A0EA124C-3CF8-4335-9F5A-D6A88142516C}"
EndProject
Project("{FAE04EC0-301F-11D3-BF4B-00C04F79EFBC}") = "P02_StackSum", "P02_StackSum\P02_StackSum.csproj", "{E984F6C0-C681-4EA6-BCD1-FF05D3B6035B}"
EndProject
Project("{FAE04EC0-301F-11D3-BF4B-00C04F79EFBC}") = "P03_SimpleCalc", "P03_SimpleCalc\P03_SimpleCalc.csproj", "{BEE11D0A-9F9B-42DB-B9C8-1C735F1AFCDF}"
EndProject
Project("{FAE04EC0-301F-11D3-BF4B-00C04F79EFBC}") = "P04_MatchingBrackets", "P04_MatchingBrackets\P04_MatchingBrackets.csproj", "{0A214C23-20D5-4D52-BCEA-C364B682ABCB}"
EndProject
Project("{FAE04EC0-301F-11D3-BF4B-00C04F79EFBC}") = "P05_PrintEvenNums", "P05_PrintEvenNums\P05_PrintEvenNums.csproj", "{6D5E429F-6203-411C-AF24-B06C742008B4}"
EndProject
Project("{FAE04EC0-301F-11D3-BF4B-00C04F79EFBC}") = "P06_SuperMarket", "P06_SuperMarket\P06_SuperMarket.csproj", "{C554762D-B4EA-47EE-89D7-3B8C450FE684}"
EndProject
Project("{FAE04EC0-301F-11D3-BF4B-00C04F79EFBC}") = "P07_HotPotato", "P07_HotPotato\P07_HotPotato.csproj", "{956113C4-359F-4911-A0C2-F493B8F47B51}"
EndProject
Project("{FAE04EC0-301F-11D3-BF4B-00C04F79EFBC}") = "P08_TrafficJam", "P08_TrafficJam\P08_TrafficJam.csproj", "{99ACFC0A-0542-4B7F-8EC9-175D88016CC9}"
EndProject
Global
	GlobalSection(SolutionConfigurationPlatforms) = preSolution
		Debug|Any CPU = Debug|Any CPU
		Release|Any CPU = Release|Any CPU
	EndGlobalSection
	GlobalSection(ProjectConfigurationPlatforms) = postSolution
		{A0EA124C-3CF8-4335-9F5A-D6A88142516C}.Debug|Any CPU.ActiveCfg = Debug|Any CPU
		{A0EA124C-3CF8-4335-9F5A-D6A88142516C}.Debug|Any CPU.Build.0 = Debug|Any CPU
		{A0EA124C-3CF8-4335-9F5A-D6A88142516C}.Release|Any CPU.ActiveCfg = Release|Any CPU
		{A0EA124C-3CF8-4335-9F5A-D6A88142516C}.Release|Any CPU.Build.0 = Release|Any CPU
		{E984F6C0-C681-4EA6-BCD1-FF05D3B6035B}.Debug|Any CPU.ActiveCfg = Debug|Any CPU
		{E984F6C0-C681-4EA6-BCD1-FF05D3B6035B}.Debug|Any CPU.Build.0 = Debug|Any CPU
		{E984F6C0-C681-4EA6-BCD1-FF05D3B6035B}.Release|Any CPU.ActiveCfg = Release|Any CPU
		{E984F6C0-C681-4EA6-BCD1-FF05D3B6035B}.Release|Any CPU.Build.0 = Release|Any CPU
		{BEE11D0A-9F9B-42DB-B9C8-1C735F1AFCDF}.Debug|Any CPU.ActiveCfg = Debug|Any CPU
		{BEE11D0A-9F9B-42DB-B9C8-1C735F1AFCDF}.Debug|Any CPU.Build.0 = Debug|Any CPU
		{BEE11D0A-9F9B-42DB-B9C8-1C735F1AFCDF}.Release|Any CPU.ActiveCfg = Release|Any CPU
		{BEE11D0A-9F9B-42DB-B9C8-1C735F1AFCDF}.Release|Any CPU.Build.0 = Release|Any CPU
		{0A214C23-20D5-4D52-BCEA-C364B682ABCB}.Debug|Any CPU.ActiveCfg = Debug|Any CPU
		{0A214C23-20D5-4D52-BCEA-C364B682ABCB}.Debug|Any CPU.Build.0 = Debug|Any CPU
		{0A214C23-20D5-4D52-BCEA-C364B682ABCB}.Release|Any CPU.ActiveCfg = Release|Any CPU
		{0A214C23-20D5-4D52-BCEA-C364B682ABCB}.Release|Any CPU.Build.0 = Release|Any CPU
		{6D5E429F-6203-411C-AF24-B06C742008B4}.Debug|Any CPU.ActiveCfg = Debug|Any CPU
		{6D5E429F-6203-411C-AF24-B06C742008B4}.Debug|Any CPU.Build.0 = Debug|Any CPU
		{6D5E429F-6203-411C-AF24-B06C742008B4}.Release|Any CPU.ActiveCfg = Release|Any CPU
		{6D5E429F-6203-411C-AF24-B06C742008B4}.Release|Any CPU.Build.0 = Release|Any CPU
		{C554762D-B4EA-47EE-89D7-3B8C450FE684}.Debug|Any CPU.ActiveCfg = Debug|Any CPU
		{C554762D-B4EA-47EE-89D7-3B8C450FE684}.Debug|Any CPU.Build.0 = Debug|Any CPU
		{C554762D-B4EA-47EE-89D7-3B8C450FE684}.Release|Any CPU.ActiveCfg = Release|Any CPU
		{C554762D-B4EA-47EE-89D7-3B8C450FE684}.Release|Any CPU.Build.0 = Release|Any CPU
		{956113C4-359F-4911-A0C2-F493B8F47B51}.Debug|Any CPU.ActiveCfg = Debug|Any CPU
		{956113C4-359F-4911-A0C2-F493B8F47B51}.Debug|Any CPU.Build.0 = Debug|Any CPU
		{956113C4-359F-4911-A0C2-F493B8F47B51}.Release|Any CPU.ActiveCfg = Release|Any CPU
		{956113C4-359F-4911-A0C2-F493B8F47B51}.Release|Any CPU.Build.0 = Release|Any CPU
		{99ACFC0A-0542-4B7F-8EC9-175D88016CC9}.Debug|Any CPU.ActiveCfg = Debug|Any CPU
		{99ACFC0A-0542-4B7F-8EC9-175D88016CC9}.Debug|Any CPU.Build.0 = Debug|Any CPU
		{99ACFC0A-0542-4B7F-8EC9-175D88016CC9}.Release|Any CPU.ActiveCfg = Release|Any CPU
		{99ACFC0A-0542-4B7F-8EC9-175D88016CC9}.Release|Any CPU.Build.0 = Release|Any CPU
	EndGlobalSection
	GlobalSection(SolutionProperties) = preSolution
		HideSolutionNode = FALSE
	EndGlobalSection
	GlobalSection(ExtensibilityGlobals) = postSolution
		SolutionGuid = {42EF432E-9D8A-4558-8DB9-7929BAA529E5}
	EndGlobalSection
EndGlobal
